
Microsoft Visual Studio Solution File, Format Version 12.00
# Visual Studio 15
VisualStudioVersion = 15.0.27004.2010
MinimumVisualStudioVersion = 10.0.40219.1
Project("{888888A0-9F3D-457C-B088-3A5042F75D52}") = "ErrorDetector", "ErrorDetector\ErrorDetector.pyproj", "{9A5730F1-9DC6-4A5A-AACC-DF3A66E09F35}"
EndProject
Global
	GlobalSection(SolutionConfigurationPlatforms) = preSolution
		Debug|Any CPU = Debug|Any CPU
		Release|Any CPU = Release|Any CPU
	EndGlobalSection
	GlobalSection(ProjectConfigurationPlatforms) = postSolution
		{9A5730F1-9DC6-4A5A-AACC-DF3A66E09F35}.Debug|Any CPU.ActiveCfg = Debug|Any CPU
		{9A5730F1-9DC6-4A5A-AACC-DF3A66E09F35}.Release|Any CPU.ActiveCfg = Release|Any CPU
	EndGlobalSection
	GlobalSection(SolutionProperties) = preSolution
		HideSolutionNode = FALSE
	EndGlobalSection
	GlobalSection(ExtensibilityGlobals) = postSolution
		SolutionGuid = {04045FEB-C5C9-4A81-9790-44A6EC7C880F}
	EndGlobalSection
EndGlobal
